{
  "name": "myview",
  "version": "0.2.2",
  "lockfileVersion": 1,
  "requires": true,
  "dependencies": {
    "axios": {
      "version": "0.18.1",
      "resolved": "https://registry.npmjs.org/axios/-/axios-0.18.1.tgz",
      "integrity": "sha512-0BfJq4NSfQXd+SkFdrvFbG7addhYSBA2mQwISr46pD6E5iqkWg02RAs8vyTT/j0RTnoYmeXauBuSv1qKwR179g==",
      "requires": {
        "follow-redirects": "1.5.10",
        "is-buffer": "^2.0.2"
      },
      "dependencies": {
        "debug": {
          "version": "3.1.0",
          "resolved": "https://registry.npmjs.org/debug/-/debug-3.1.0.tgz",
          "integrity": "sha512-OX8XqP7/1a9cqkxYw2yXss15f26NKWBpDXQd0/uK/KPqdQhxbPa994hnzjcE2VqQpDslf55723cKPUOGSmMY3g==",
          "requires": {
            "ms": "2.0.0"
          }
        },
        "follow-redirects": {
          "version": "1.5.10",
          "resolved": "https://registry.npmjs.org/follow-redirects/-/follow-redirects-1.5.10.tgz",
          "integrity": "sha512-0V5l4Cizzvqt5D44aTXbFZz+FtyXV1vrDN6qrelxtfYQKW0KO0W2T/hkE8xvGa/540LkZlkaUjO4ailYTFtHVQ==",
          "requires": {
            "debug": "=3.1.0"
          }
        },
        "is-buffer": {
          "version": "2.0.3",
          "resolved": "https://registry.npmjs.org/is-buffer/-/is-buffer-2.0.3.tgz",
          "integrity": "sha512-U15Q7MXTuZlrbymiz95PJpZxu8IlipAp4dtS3wOdgPXx3mqBnslrWU14kxfHB+Py/+2PVKSr37dMAgM2A4uArw=="
        }
      }
    },
    "babel-preset-es2015-rollup": {
      "version": "3.0.0",
      "resolved": "http://registry.npm.taobao.org/babel-preset-es2015-rollup/download/babel-preset-es2015-rollup-3.0.0.tgz",
      "integrity": "sha1-hUtj7N4u6YysQOiC9nv88YWx8ko=",
      "dev": true
    },
    "cross-env": {
      "version": "5.0.1",
      "resolved": "http://registry.npm.taobao.org/cross-env/download/cross-env-5.0.1.tgz",
      "integrity": "sha1-/05y6kO0faJIa0On8gQ7JgnkSRM=",
      "dev": true
    },
    "iview": {
      "version": "2.0.0-rc.17",
      "resolved": "http://registry.npm.taobao.org/iview/download/iview-2.0.0-rc.17.tgz",
      "integrity": "sha1-CCdYLHUKcYuVLn5R65nZNpPt19g="
    },
    "ms": {
      "version": "2.0.0",
      "resolved": "http://registry.npm.taobao.org/ms/download/ms-2.0.0.tgz",
      "integrity": "sha1-VgiurfwAvmwpAd9fmGF4jeDVl8g="
    },
    "rollup": {
      "version": "0.42.0",
      "resolved": "http://registry.npm.taobao.org/rollup/download/rollup-0.42.0.tgz",
      "integrity": "sha1-VueRs6Lz3XGQu7gKN1Z18v4PmyM=",
      "dev": true
    },
    "rollup-plugin-alias": {
      "version": "1.3.1",
      "resolved": "http://registry.npm.taobao.org/rollup-plugin-alias/download/rollup-plugin-alias-1.3.1.tgz",
      "integrity": "sha1-qRUv7EtqZRDa6TmJUXynhTwypvo=",
      "dev": true
    },
    "rollup-plugin-buble": {
      "version": "0.15.0",
      "resolved": "http://registry.npm.taobao.org/rollup-plugin-buble/download/rollup-plugin-buble-0.15.0.tgz",
      "integrity": "sha1-g8PonH/SJmx5GPQbo5gDE1Gcf9A=",
      "dev": true
    },
    "rollup-plugin-commonjs": {
      "version": "8.0.2",
      "resolved": "http://registry.npm.taobao.org/rollup-plugin-commonjs/download/rollup-plugin-commonjs-8.0.2.tgz",
      "integrity": "sha1-mLFYm/4ypsD2d5C2DAtJmXKv7Yk=",
      "dev": true,
      "dependencies": {
        "acorn": {
          "version": "4.0.13",
          "resolved": "http://registry.npm.taobao.org/acorn/download/acorn-4.0.13.tgz",
          "integrity": "sha1-EFSVrlNh1pe9GVyCUZLhrX8lN4c="
        },
        "estree-walker": {
          "version": "0.3.1",
          "resolved": "http://registry.npm.taobao.org/estree-walker/download/estree-walker-0.3.1.tgz",
          "integrity": "sha1-5rGlHPcpJSTnI3wxLl/mZgwc4ao="
        },
        "magic-string": {
          "version": "0.19.1",
          "resolved": "http://registry.npm.taobao.org/magic-string/download/magic-string-0.19.1.tgz",
          "integrity": "sha1-FNdoATyvLsj96hakmvgvw3fnUgE="
        },
        "rollup-pluginutils": {
          "version": "2.0.1",
          "resolved": "http://registry.npm.taobao.org/rollup-pluginutils/download/rollup-pluginutils-2.0.1.tgz",
          "integrity": "sha1-fslbNXP2VDpGpkYb2afFRFJdD8A="
        }
      }
    },
    "rollup-plugin-css-only": {
      "version": "0.2.0",
      "resolved": "http://registry.npm.taobao.org/rollup-plugin-css-only/download/rollup-plugin-css-only-0.2.0.tgz",
      "integrity": "sha1-58WDsnJv8VyI5wHq1cmtgOHPQyQ=",
      "dev": true
    },
    "rollup-plugin-json": {
      "version": "2.3.0",
      "resolved": "http://registry.npm.taobao.org/rollup-plugin-json/download/rollup-plugin-json-2.3.0.tgz",
      "integrity": "sha1-PAekUsG1ORvigAb7//NkQFbOCt0=",
      "dev": true,
      "dependencies": {
        "estree-walker": {
          "version": "0.3.1",
          "resolved": "http://registry.npm.taobao.org/estree-walker/download/estree-walker-0.3.1.tgz",
          "integrity": "sha1-5rGlHPcpJSTnI3wxLl/mZgwc4ao="
        },
        "rollup-pluginutils": {
          "version": "2.0.1",
          "resolved": "http://registry.npm.taobao.org/rollup-pluginutils/download/rollup-pluginutils-2.0.1.tgz",
          "integrity": "sha1-fslbNXP2VDpGpkYb2afFRFJdD8A="
        }
      }
    },
    "rollup-plugin-less": {
      "version": "0.1.3",
      "resolved": "http://registry.npm.taobao.org/rollup-plugin-less/download/rollup-plugin-less-0.1.3.tgz",
      "integrity": "sha1-sQGvpzODhN64BQ1lwEiIvdfq/zY=",
      "dev": true,
      "dependencies": {
        "rollup": {
          "version": "0.34.13",
          "resolved": "http://registry.npm.taobao.org/rollup/download/rollup-0.34.13.tgz",
          "integrity": "sha1-ohHN3jH5bLOefLTjW+yxXdw++hk="
        }
      }
    },
    "rollup-plugin-livereload": {
      "version": "0.4.0",
      "resolved": "http://registry.npm.taobao.org/rollup-plugin-livereload/download/rollup-plugin-livereload-0.4.0.tgz",
      "integrity": "sha1-kV5y2Z50eQ1KVhg/rH5tAvSavwM=",
      "dev": true
    },
    "rollup-plugin-node-resolve": {
      "version": "3.0.0",
      "resolved": "http://registry.npm.taobao.org/rollup-plugin-node-resolve/download/rollup-plugin-node-resolve-3.0.0.tgz",
      "integrity": "sha1-i4l8TDAw1QASd7BRSyXSygloPuA=",
      "dev": true
    },
    "rollup-plugin-replace": {
      "version": "1.1.1",
      "resolved": "http://registry.npm.taobao.org/rollup-plugin-replace/download/rollup-plugin-replace-1.1.1.tgz",
      "integrity": "sha1-OWMV3tBQps5DuVGKiGo/YO+x6jM=",
      "dev": true,
      "dependencies": {
        "magic-string": {
          "version": "0.15.2",
          "resolved": "http://registry.npm.taobao.org/magic-string/download/magic-string-0.15.2.tgz",
          "integrity": "sha1-BoHXOIdBu8Ot2qZQYJkmJMbAnpw="
        }
      }
    },
    "rollup-plugin-serve": {
      "version": "0.3.0",
      "resolved": "http://registry.npm.taobao.org/rollup-plugin-serve/download/rollup-plugin-serve-0.3.0.tgz",
      "integrity": "sha1-a5Fvy2Uog5Ck+1mhCvsN2eepejk=",
      "dev": true
    },
    "rollup-plugin-string": {
      "version": "2.0.2",
      "resolved": "http://registry.npm.taobao.org/rollup-plugin-string/download/rollup-plugin-string-2.0.2.tgz",
      "integrity": "sha1-9TI6Is/XOLRQy+piq2WTcF6sdEs=",
      "dev": true
    },
    "rollup-plugin-uglify": {
      "version": "2.0.1",
      "resolved": "http://registry.npm.taobao.org/rollup-plugin-uglify/download/rollup-plugin-uglify-2.0.1.tgz",
      "integrity": "sha1-Z7N60e/a+9g69MNrQMGJ7khmyWk=",
      "dev": true
    },
    "rollup-plugin-vue2": {
      "version": "0.8.0",
      "resolved": "http://registry.npm.taobao.org/rollup-plugin-vue2/download/rollup-plugin-vue2-0.8.0.tgz",
      "integrity": "sha1-oq5FQ8LIk5rx4YO7EFKYWUAdIJs=",
      "dev": true,
      "dependencies": {
        "magic-string": {
          "version": "0.19.1",
          "resolved": "http://registry.npm.taobao.org/magic-string/download/magic-string-0.19.1.tgz",
          "integrity": "sha1-FNdoATyvLsj96hakmvgvw3fnUgE="
        }
      }
    },
    "rollup-watch": {
      "version": "4.0.0",
      "resolved": "http://registry.npm.taobao.org/rollup-watch/download/rollup-watch-4.0.0.tgz",
      "integrity": "sha1-MJBRuUA7nlRFxXRsnrqaRmlR054=",
      "dev": true
    },
    "vue": {
      "version": "2.3.4",
      "resolved": "http://registry.npm.taobao.org/vue/download/vue-2.3.4.tgz",
      "integrity": "sha1-XsO4ehkdqAkLvvVrfPq9QVgDgXE="
    },
    "vue-axios": {
      "version": "2.0.2",
      "resolved": "http://registry.npm.taobao.org/vue-axios/download/vue-axios-2.0.2.tgz",
      "integrity": "sha1-D+Wmnx7bCaHNbEp/iMdNL7f+F3g="
    }
  }
}
